{
  "name": "teste",
  "version": "1.0.0",
  "lockfileVersion": 1,
  "requires": true,
  "dependencies": {
    "deepdash": {
      "version": "5.2.1",
      "resolved": "https://registry.npmjs.org/deepdash/-/deepdash-5.2.1.tgz",
      "integrity": "sha512-QF2s1ONSBS+wTNifQ8OjJ8+Jb40VN750WVxjrtsso0V1mK/rqIsqR1FjhuvHkmPmCV1AlzslF7cww/IBOdUL2A==",
      "requires": {
        "lodash": "^4.17.19",
        "lodash-es": "^4.17.15"
      }
    },
    "lodash": {
      "version": "4.17.21",
      "resolved": "https://registry.npmjs.org/lodash/-/lodash-4.17.21.tgz",
      "integrity": "sha512-v2kDEe57lecTulaDIuNTPy3Ry4gLGJ6Z1O3vE1krgXZNrsQ+LFTGHVxVjcXPs17LhbZVGedAJv8XZ1tvj5FvSg=="
    },
    "lodash-es": {
      "version": "4.17.15",
      "resolved": "https://registry.npmjs.org/lodash-es/-/lodash-es-4.17.15.tgz",
      "integrity": "sha512-rlrc3yU3+JNOpZ9zj5pQtxnx2THmvRykwL4Xlxoa8I9lHBlVbbyPhgyPMioxVZ4NqyxaVVtaJnzsyOidQIhyyQ=="
    }
  }
}
